
Microsoft Visual Studio Solution File, Format Version 12.00
# Visual Studio Version 17
VisualStudioVersion = 17.8.34316.72
MinimumVisualStudioVersion = 10.0.40219.1
Project("{FAE04EC0-301F-11D3-BF4B-00C04F79EFBC}") = "Publisher Subscriber Pub Sub design pattern", "Publisher Subscriber Pub Sub design pattern\Publisher Subscriber Pub Sub design pattern.csproj", "{D25576C1-C366-4527-BFDE-B0F46F11CDDC}"
EndProject
Global
	GlobalSection(SolutionConfigurationPlatforms) = preSolution
		Debug|Any CPU = Debug|Any CPU
		Release|Any CPU = Release|Any CPU
	EndGlobalSection
	GlobalSection(ProjectConfigurationPlatforms) = postSolution
		{D25576C1-C366-4527-BFDE-B0F46F11CDDC}.Debug|Any CPU.ActiveCfg = Debug|Any CPU
		{D25576C1-C366-4527-BFDE-B0F46F11CDDC}.Debug|Any CPU.Build.0 = Debug|Any CPU
		{D25576C1-C366-4527-BFDE-B0F46F11CDDC}.Release|Any CPU.ActiveCfg = Release|Any CPU
		{D25576C1-C366-4527-BFDE-B0F46F11CDDC}.Release|Any CPU.Build.0 = Release|Any CPU
	EndGlobalSection
	GlobalSection(SolutionProperties) = preSolution
		HideSolutionNode = FALSE
	EndGlobalSection
	GlobalSection(ExtensibilityGlobals) = postSolution
		SolutionGuid = {16951A4C-7618-4F76-8B86-3BC77C2BAA3F}
	EndGlobalSection
EndGlobal
